
Microsoft Visual Studio Solution File, Format Version 12.00
# Visual Studio Version 17
VisualStudioVersion = 17.9.34723.18
MinimumVisualStudioVersion = 10.0.40219.1
Project("{FAE04EC0-301F-11D3-BF4B-00C04F79EFBC}") = "Project_II.Server", "Project_II.Server\Project_II.Server.csproj", "{D36BAF79-2500-465A-8145-7317BDFECC46}"
EndProject
Project("{54A90642-561A-4BB1-A94E-469ADEE60C69}") = "project_ii.client", "project_ii.client\project_ii.client.esproj", "{20D81A43-B8AA-4059-9FA5-8119592DA6F6}"
EndProject
Global
	GlobalSection(SolutionConfigurationPlatforms) = preSolution
		Debug|Any CPU = Debug|Any CPU
		Release|Any CPU = Release|Any CPU
	EndGlobalSection
	GlobalSection(ProjectConfigurationPlatforms) = postSolution
		{D36BAF79-2500-465A-8145-7317BDFECC46}.Debug|Any CPU.ActiveCfg = Debug|Any CPU
		{D36BAF79-2500-465A-8145-7317BDFECC46}.Debug|Any CPU.Build.0 = Debug|Any CPU
		{D36BAF79-2500-465A-8145-7317BDFECC46}.Release|Any CPU.ActiveCfg = Release|Any CPU
		{D36BAF79-2500-465A-8145-7317BDFECC46}.Release|Any CPU.Build.0 = Release|Any CPU
		{20D81A43-B8AA-4059-9FA5-8119592DA6F6}.Debug|Any CPU.ActiveCfg = Debug|Any CPU
		{20D81A43-B8AA-4059-9FA5-8119592DA6F6}.Debug|Any CPU.Build.0 = Debug|Any CPU
		{20D81A43-B8AA-4059-9FA5-8119592DA6F6}.Debug|Any CPU.Deploy.0 = Debug|Any CPU
		{20D81A43-B8AA-4059-9FA5-8119592DA6F6}.Release|Any CPU.ActiveCfg = Release|Any CPU
		{20D81A43-B8AA-4059-9FA5-8119592DA6F6}.Release|Any CPU.Build.0 = Release|Any CPU
		{20D81A43-B8AA-4059-9FA5-8119592DA6F6}.Release|Any CPU.Deploy.0 = Release|Any CPU
	EndGlobalSection
	GlobalSection(SolutionProperties) = preSolution
		HideSolutionNode = FALSE
	EndGlobalSection
	GlobalSection(ExtensibilityGlobals) = postSolution
		SolutionGuid = {2C37318C-799C-4FB0-8530-E4FC77BF758B}
	EndGlobalSection
EndGlobal
